// !$*UTF8*$!
{
	archiveVersion = 1;
	classes = {
	};
	objectVersion = 46;
	objects = {

/* Begin PBXBuildFile section */
		1A07A38B1BACF130000DCCD5 /* main.m in Sources */ = {isa = PBXBuildFile; fileRef = 1A07A38A1BACF130000DCCD5 /* main.m */; };
		1A07A38E1BACF130000DCCD5 /* AppDelegate.m in Sources */ = {isa = PBXBuildFile; fileRef = 1A07A38D1BACF130000DCCD5 /* AppDelegate.m */; };
		1A07A3911BACF130000DCCD5 /* ViewController.m in Sources */ = {isa = PBXBuildFile; fileRef = 1A07A3901BACF130000DCCD5 /* ViewController.m */; };
		1A07A3941BACF130000DCCD5 /* Main.storyboard in Resources */ = {isa = PBXBuildFile; fileRef = 1A07A3921BACF130000DCCD5 /* Main.storyboard */; };
		1A07A3961BACF130000DCCD5 /* Assets.xcassets in Resources */ = {isa = PBXBuildFile; fileRef = 1A07A3951BACF130000DCCD5 /* Assets.xcassets */; };
		1A07A3991BACF130000DCCD5 /* LaunchScreen.storyboard in Resources */ = {isa = PBXBuildFile; fileRef = 1A07A3971BACF130000DCCD5 /* LaunchScreen.storyboard */; };
		FA2884001CA38005008249C3 /* Bolts.framework in Frameworks */ = {isa = PBXBuildFile; fileRef = FA2883FB1CA38005008249C3 /* Bolts.framework */; };
		FA2884011CA38005008249C3 /* ImojiSDK.framework in Frameworks */ = {isa = PBXBuildFile; fileRef = FA2883FC1CA38005008249C3 /* ImojiSDK.framework */; };
		FA2884021CA38005008249C3 /* ImojiSDKUI.framework in Frameworks */ = {isa = PBXBuildFile; fileRef = FA2883FD1CA38005008249C3 /* ImojiSDKUI.framework */; };
		FA2884031CA38005008249C3 /* Masonry.framework in Frameworks */ = {isa = PBXBuildFile; fileRef = FA2883FE1CA38005008249C3 /* Masonry.framework */; };
		FA2884041CA38005008249C3 /* YYImage.framework in Frameworks */ = {isa = PBXBuildFile; fileRef = FA2883FF1CA38005008249C3 /* YYImage.framework */; };
		FA3104E01CA1CDD400DF5863 /* libz.tbd in Frameworks */ = {isa = PBXBuildFile; fileRef = FA3104DF1CA1CDD400DF5863 /* libz.tbd */; };
		FA3105051CA2089700DF5863 /* Checkouts in Resources */ = {isa = PBXBuildFile; fileRef = FA3105041CA2089700DF5863 /* Checkouts */; };
		FA3105061CA216B400DF5863 /* WebP.framework in Frameworks */ = {isa = PBXBuildFile; fileRef = FA3104CB1CA1BF8000DF5863 /* WebP.framework */; };
		FAB05E421CA381A100FFD0AB /* Bolts.framework.dSYM in Copy Files */ = {isa = PBXBuildFile; fileRef = FAB05E3D1CA381A000FFD0AB /* Bolts.framework.dSYM */; };
		FAB05E431CA381A100FFD0AB /* ImojiSDK.framework.dSYM in Copy Files */ = {isa = PBXBuildFile; fileRef = FAB05E3E1CA381A000FFD0AB /* ImojiSDK.framework.dSYM */; };
		FAB05E441CA381A100FFD0AB /* ImojiSDKUI.framework.dSYM in Copy Files */ = {isa = PBXBuildFile; fileRef = FAB05E3F1CA381A000FFD0AB /* ImojiSDKUI.framework.dSYM */; };
		FAB05E451CA381A100FFD0AB /* Masonry.framework.dSYM in Copy Files */ = {isa = PBXBuildFile; fileRef = FAB05E401CA381A000FFD0AB /* Masonry.framework.dSYM */; };
		FAB05E461CA381A100FFD0AB /* YYImage.framework.dSYM in Copy Files */ = {isa = PBXBuildFile; fileRef = FAB05E411CA381A000FFD0AB /* YYImage.framework.dSYM */; };
/* End PBXBuildFile section */

/* Begin PBXCopyFilesBuildPhase section */
		FAB05E3C1CA3818100FFD0AB /* Copy Files */ = {
			isa = PBXCopyFilesBuildPhase;
			buildActionMask = 2147483647;
			dstPath = "";
			dstSubfolderSpec = 16;
			files = (
				FAB05E421CA381A100FFD0AB /* Bolts.framework.dSYM in Copy Files */,
				FAB05E431CA381A100FFD0AB /* ImojiSDK.framework.dSYM in Copy Files */,
				FAB05E441CA381A100FFD0AB /* ImojiSDKUI.framework.dSYM in Copy Files */,
				FAB05E451CA381A100FFD0AB /* Masonry.framework.dSYM in Copy Files */,
				FAB05E461CA381A100FFD0AB /* YYImage.framework.dSYM in Copy Files */,
			);
			name = "Copy Files";
			runOnlyForDeploymentPostprocessing = 0;
		};
/* End PBXCopyFilesBuildPhase section */

/* Begin PBXFileReference section */
		1A07A3861BACF130000DCCD5 /* imoji-categories.app */ = {isa = PBXFileReference; explicitFileType = wrapper.application; includeInIndex = 0; path = "imoji-categories.app"; sourceTree = BUILT_PRODUCTS_DIR; };
		1A07A38A1BACF130000DCCD5 /* main.m */ = {isa = PBXFileReference; lastKnownFileType = sourcecode.c.objc; path = main.m; sourceTree = "<group>"; };
		1A07A38C1BACF130000DCCD5 /* AppDelegate.h */ = {isa = PBXFileReference; lastKnownFileType = sourcecode.c.h; path = AppDelegate.h; sourceTree = "<group>"; };
		1A07A38D1BACF130000DCCD5 /* AppDelegate.m */ = {isa = PBXFileReference; lastKnownFileType = sourcecode.c.objc; path = AppDelegate.m; sourceTree = "<group>"; };
		1A07A38F1BACF130000DCCD5 /* ViewController.h */ = {isa = PBXFileReference; lastKnownFileType = sourcecode.c.h; path = ViewController.h; sourceTree = "<group>"; };
		1A07A3901BACF130000DCCD5 /* ViewController.m */ = {isa = PBXFileReference; lastKnownFileType = sourcecode.c.objc; path = ViewController.m; sourceTree = "<group>"; };
		1A07A3931BACF130000DCCD5 /* Base */ = {isa = PBXFileReference; lastKnownFileType = file.storyboard; name = Base; path = Base.lproj/Main.storyboard; sourceTree = "<group>"; };
		1A07A3951BACF130000DCCD5 /* Assets.xcassets */ = {isa = PBXFileReference; lastKnownFileType = folder.assetcatalog; path = Assets.xcassets; sourceTree = "<group>"; };
		1A07A3981BACF130000DCCD5 /* Base */ = {isa = PBXFileReference; lastKnownFileType = file.storyboard; name = Base; path = Base.lproj/LaunchScreen.storyboard; sourceTree = "<group>"; };
		1A07A39A1BACF130000DCCD5 /* Info.plist */ = {isa = PBXFileReference; lastKnownFileType = text.plist.xml; path = Info.plist; sourceTree = "<group>"; };
		FA2883FB1CA38005008249C3 /* Bolts.framework */ = {isa = PBXFileReference; lastKnownFileType = wrapper.framework; name = Bolts.framework; path = Carthage/Build/iOS/Bolts.framework; sourceTree = "<group>"; };
		FA2883FC1CA38005008249C3 /* ImojiSDK.framework */ = {isa = PBXFileReference; lastKnownFileType = wrapper.framework; name = ImojiSDK.framework; path = Carthage/Build/iOS/ImojiSDK.framework; sourceTree = "<group>"; };
		FA2883FD1CA38005008249C3 /* ImojiSDKUI.framework */ = {isa = PBXFileReference; lastKnownFileType = wrapper.framework; name = ImojiSDKUI.framework; path = Carthage/Build/iOS/ImojiSDKUI.framework; sourceTree = "<group>"; };
		FA2883FE1CA38005008249C3 /* Masonry.framework */ = {isa = PBXFileReference; lastKnownFileType = wrapper.framework; name = Masonry.framework; path = Carthage/Build/iOS/Masonry.framework; sourceTree = "<group>"; };
		FA2883FF1CA38005008249C3 /* YYImage.framework */ = {isa = PBXFileReference; lastKnownFileType = wrapper.framework; name = YYImage.framework; path = Carthage/Build/iOS/YYImage.framework; sourceTree = "<group>"; };
		FA3104CB1CA1BF8000DF5863 /* WebP.framework */ = {isa = PBXFileReference; lastKnownFileType = wrapper.framework; name = WebP.framework; path = Carthage/Checkouts/YYImage/Vendor/WebP.framework; sourceTree = "<group>"; };
		FA3104DF1CA1CDD400DF5863 /* libz.tbd */ = {isa = PBXFileReference; lastKnownFileType = "sourcecode.text-based-dylib-definition"; name = libz.tbd; path = usr/lib/libz.tbd; sourceTree = SDKROOT; };
		FA3105041CA2089700DF5863 /* Checkouts */ = {isa = PBXFileReference; lastKnownFileType = folder; name = Checkouts; path = Carthage/Checkouts; sourceTree = "<group>"; };
		FAB05E3D1CA381A000FFD0AB /* Bolts.framework.dSYM */ = {isa = PBXFileReference; lastKnownFileType = wrapper.dsym; name = Bolts.framework.dSYM; path = Carthage/Build/iOS/Bolts.framework.dSYM; sourceTree = "<group>"; };
		FAB05E3E1CA381A000FFD0AB /* ImojiSDK.framework.dSYM */ = {isa = PBXFileReference; lastKnownFileType = wrapper.dsym; name = ImojiSDK.framework.dSYM; path = Carthage/Build/iOS/ImojiSDK.framework.dSYM; sourceTree = "<group>"; };
		FAB05E3F1CA381A000FFD0AB /* ImojiSDKUI.framework.dSYM */ = {isa = PBXFileReference; lastKnownFileType = wrapper.dsym; name = ImojiSDKUI.framework.dSYM; path = Carthage/Build/iOS/ImojiSDKUI.framework.dSYM; sourceTree = "<group>"; };
		FAB05E401CA381A000FFD0AB /* Masonry.framework.dSYM */ = {isa = PBXFileReference; lastKnownFileType = wrapper.dsym; name = Masonry.framework.dSYM; path = Carthage/Build/iOS/Masonry.framework.dSYM; sourceTree = "<group>"; };
		FAB05E411CA381A000FFD0AB /* YYImage.framework.dSYM */ = {isa = PBXFileReference; lastKnownFileType = wrapper.dsym; name = YYImage.framework.dSYM; path = Carthage/Build/iOS/YYImage.framework.dSYM; sourceTree = "<group>"; };
/* End PBXFileReference section */

/* Begin PBXFrameworksBuildPhase section */
		1A07A3831BACF130000DCCD5 /* Frameworks */ = {
			isa = PBXFrameworksBuildPhase;
			buildActionMask = 2147483647;
			files = (
				FA3104E01CA1CDD400DF5863 /* libz.tbd in Frameworks */,
				FA3105061CA216B400DF5863 /* WebP.framework in Frameworks */,
				FA2884001CA38005008249C3 /* Bolts.framework in Frameworks */,
				FA2884011CA38005008249C3 /* ImojiSDK.framework in Frameworks */,
				FA2884021CA38005008249C3 /* ImojiSDKUI.framework in Frameworks */,
				FA2884031CA38005008249C3 /* Masonry.framework in Frameworks */,
				FA2884041CA38005008249C3 /* YYImage.framework in Frameworks */,
			);
			runOnlyForDeploymentPostprocessing = 0;
		};
/* End PBXFrameworksBuildPhase section */

/* Begin PBXGroup section */
		1A07A37D1BACF12F000DCCD5 = {
			isa = PBXGroup;
			children = (
				FAB05E3D1CA381A000FFD0AB /* Bolts.framework.dSYM */,
				FAB05E3E1CA381A000FFD0AB /* ImojiSDK.framework.dSYM */,
				FAB05E3F1CA381A000FFD0AB /* ImojiSDKUI.framework.dSYM */,
				FAB05E401CA381A000FFD0AB /* Masonry.framework.dSYM */,
				FAB05E411CA381A000FFD0AB /* YYImage.framework.dSYM */,
				FA3105041CA2089700DF5863 /* Checkouts */,
				1A07A3881BACF130000DCCD5 /* imoji-categories */,
				1A07A3871BACF130000DCCD5 /* Products */,
				FA3104AC1CA0A0FA00DF5863 /* Frameworks */,
			);
			sourceTree = "<group>";
		};
		1A07A3871BACF130000DCCD5 /* Products */ = {
			isa = PBXGroup;
			children = (
				1A07A3861BACF130000DCCD5 /* imoji-categories.app */,
			);
			name = Products;
			sourceTree = "<group>";
		};
		1A07A3881BACF130000DCCD5 /* imoji-categories */ = {
			isa = PBXGroup;
			children = (
				1A07A38C1BACF130000DCCD5 /* AppDelegate.h */,
				1A07A38D1BACF130000DCCD5 /* AppDelegate.m */,
				1A07A38F1BACF130000DCCD5 /* ViewController.h */,
				1A07A3901BACF130000DCCD5 /* ViewController.m */,
				1A07A3921BACF130000DCCD5 /* Main.storyboard */,
				1A07A3951BACF130000DCCD5 /* Assets.xcassets */,
				1A07A3971BACF130000DCCD5 /* LaunchScreen.storyboard */,
				1A07A39A1BACF130000DCCD5 /* Info.plist */,
				1A07A3891BACF130000DCCD5 /* Supporting Files */,
			);
			path = "imoji-categories";
			sourceTree = "<group>";
		};
		1A07A3891BACF130000DCCD5 /* Supporting Files */ = {
			isa = PBXGroup;
			children = (
				1A07A38A1BACF130000DCCD5 /* main.m */,
			);
			name = "Supporting Files";
			sourceTree = "<group>";
		};
		FA3104AC1CA0A0FA00DF5863 /* Frameworks */ = {
			isa = PBXGroup;
			children = (
				FA3104DF1CA1CDD400DF5863 /* libz.tbd */,
				FA3104CB1CA1BF8000DF5863 /* WebP.framework */,
				FA2883FB1CA38005008249C3 /* Bolts.framework */,
				FA2883FC1CA38005008249C3 /* ImojiSDK.framework */,
				FA2883FD1CA38005008249C3 /* ImojiSDKUI.framework */,
				FA2883FE1CA38005008249C3 /* Masonry.framework */,
				FA2883FF1CA38005008249C3 /* YYImage.framework */,
			);
			name = Frameworks;
			sourceTree = "<group>";
		};
/* End PBXGroup section */

/* Begin PBXNativeTarget section */
		1A07A3851BACF130000DCCD5 /* imoji-categories */ = {
			isa = PBXNativeTarget;
			buildConfigurationList = 1A07A39D1BACF130000DCCD5 /* Build configuration list for PBXNativeTarget "imoji-categories" */;
			buildPhases = (
				1A07A3821BACF130000DCCD5 /* Sources */,
				1A07A3831BACF130000DCCD5 /* Frameworks */,
				1A07A3841BACF130000DCCD5 /* Resources */,
				FAB05E3C1CA3818100FFD0AB /* Copy Files */,
				FA3104AD1CA0A13900DF5863 /* Carthage Run Script */,
			);
			buildRules = (
			);
			dependencies = (
			);
			name = "imoji-categories";
			productName = "imoji-categories";
			productReference = 1A07A3861BACF130000DCCD5 /* imoji-categories.app */;
			productType = "com.apple.product-type.application";
		};
/* End PBXNativeTarget section */

/* Begin PBXProject section */
		1A07A37E1BACF12F000DCCD5 /* Project object */ = {
			isa = PBXProject;
			attributes = {
				LastUpgradeCheck = 0700;
				ORGANIZATIONNAME = Imoji;
				TargetAttributes = {
					1A07A3851BACF130000DCCD5 = {
						CreatedOnToolsVersion = 7.0;
					};
				};
			};
			buildConfigurationList = 1A07A3811BACF12F000DCCD5 /* Build configuration list for PBXProject "imoji-categories" */;
			compatibilityVersion = "Xcode 3.2";
			developmentRegion = English;
			hasScannedForEncodings = 0;
			knownRegions = (
				en,
				Base,
			);
			mainGroup = 1A07A37D1BACF12F000DCCD5;
			productRefGroup = 1A07A3871BACF130000DCCD5 /* Products */;
			projectDirPath = "";
			projectRoot = "";
			targets = (
				1A07A3851BACF130000DCCD5 /* imoji-categories */,
			);
		};
/* End PBXProject section */

/* Begin PBXResourcesBuildPhase section */
		1A07A3841BACF130000DCCD5 /* Resources */ = {
			isa = PBXResourcesBuildPhase;
			buildActionMask = 2147483647;
			files = (
				1A07A3991BACF130000DCCD5 /* LaunchScreen.storyboard in Resources */,
				1A07A3961BACF130000DCCD5 /* Assets.xcassets in Resources */,
				FA3105051CA2089700DF5863 /* Checkouts in Resources */,
				1A07A3941BACF130000DCCD5 /* Main.storyboard in Resources */,
			);
			runOnlyForDeploymentPostprocessing = 0;
		};
/* End PBXResourcesBuildPhase section */

/* Begin PBXShellScriptBuildPhase section */
		FA3104AD1CA0A13900DF5863 /* Carthage Run Script */ = {
			isa = PBXShellScriptBuildPhase;
			buildActionMask = 2147483647;
			files = (
			);
			inputPaths = (
				"$(SRCROOT)/Carthage/Build/iOS/Bolts.framework",
				"$(SRCROOT)/Carthage/Build/iOS/Masonry.framework",
				"$(SRCROOT)/Carthage/Build/iOS/YYImage.framework",
				"$(SRCROOT)/Carthage/Build/iOS/ImojiSDK.framework",
				"$(SRCROOT)/Carthage/Build/iOS/ImojiSDKUI.framework",
			);
			name = "Carthage Run Script";
			outputPaths = (
			);
			runOnlyForDeploymentPostprocessing = 0;
			shellPath = /bin/sh;
			shellScript = "/usr/local/bin/carthage copy-frameworks";
		};
/* End PBXShellScriptBuildPhase section */

/* Begin PBXSourcesBuildPhase section */
		1A07A3821BACF130000DCCD5 /* Sources */ = {
			isa = PBXSourcesBuildPhase;
			buildActionMask = 2147483647;
			files = (
				1A07A3911BACF130000DCCD5 /* ViewController.m in Sources */,
				1A07A38E1BACF130000DCCD5 /* AppDelegate.m in Sources */,
				1A07A38B1BACF130000DCCD5 /* main.m in Sources */,
			);
			runOnlyForDeploymentPostprocessing = 0;
		};
/* End PBXSourcesBuildPhase section */

/* Begin PBXVariantGroup section */
		1A07A3921BACF130000DCCD5 /* Main.storyboard */ = {
			isa = PBXVariantGroup;
			children = (
				1A07A3931BACF130000DCCD5 /* Base */,
			);
			name = Main.storyboard;
			sourceTree = "<group>";
		};
		1A07A3971BACF130000DCCD5 /* LaunchScreen.storyboard */ = {
			isa = PBXVariantGroup;
			children = (
				1A07A3981BACF130000DCCD5 /* Base */,
			);
			name = LaunchScreen.storyboard;
			sourceTree = "<group>";
		};
/* End PBXVariantGroup section */

/* Begin XCBuildConfiguration section */
		1A07A39B1BACF130000DCCD5 /* Debug */ = {
			isa = XCBuildConfiguration;
			buildSettings = {
				ALWAYS_SEARCH_USER_PATHS = NO;
				CLANG_CXX_LANGUAGE_STANDARD = "gnu++0x";
				CLANG_CXX_LIBRARY = "libc++";
				CLANG_ENABLE_MODULES = YES;
				CLANG_ENABLE_OBJC_ARC = YES;
				CLANG_WARN_BOOL_CONVERSION = YES;
				CLANG_WARN_CONSTANT_CONVERSION = YES;
				CLANG_WARN_DIRECT_OBJC_ISA_USAGE = YES_ERROR;
				CLANG_WARN_EMPTY_BODY = YES;
				CLANG_WARN_ENUM_CONVERSION = YES;
				CLANG_WARN_INT_CONVERSION = YES;
				CLANG_WARN_OBJC_ROOT_CLASS = YES_ERROR;
				CLANG_WARN_UNREACHABLE_CODE = YES;
				CLANG_WARN__DUPLICATE_METHOD_MATCH = YES;
				"CODE_SIGN_IDENTITY[sdk=iphoneos*]" = "iPhone Developer";
				COPY_PHASE_STRIP = NO;
				DEBUG_INFORMATION_FORMAT = dwarf;
				ENABLE_STRICT_OBJC_MSGSEND = YES;
				ENABLE_TESTABILITY = YES;
				GCC_C_LANGUAGE_STANDARD = gnu99;
				GCC_DYNAMIC_NO_PIC = NO;
				GCC_NO_COMMON_BLOCKS = YES;
				GCC_OPTIMIZATION_LEVEL = 0;
				GCC_PREPROCESSOR_DEFINITIONS = (
					"DEBUG=1",
					"$(inherited)",
				);
				GCC_WARN_64_TO_32_BIT_CONVERSION = YES;
				GCC_WARN_ABOUT_RETURN_TYPE = YES_ERROR;
				GCC_WARN_UNDECLARED_SELECTOR = YES;
				GCC_WARN_UNINITIALIZED_AUTOS = YES_AGGRESSIVE;
				GCC_WARN_UNUSED_FUNCTION = YES;
				GCC_WARN_UNUSED_VARIABLE = YES;
				IPHONEOS_DEPLOYMENT_TARGET = 9.0;
				MTL_ENABLE_DEBUG_INFO = YES;
				ONLY_ACTIVE_ARCH = YES;
				SDKROOT = iphoneos;
				TARGETED_DEVICE_FAMILY = "1,2";
			};
			name = Debug;
		};
		1A07A39C1BACF130000DCCD5 /* Release */ = {
			isa = XCBuildConfiguration;
			buildSettings = {
				ALWAYS_SEARCH_USER_PATHS = NO;
				CLANG_CXX_LANGUAGE_STANDARD = "gnu++0x";
				CLANG_CXX_LIBRARY = "libc++";
				CLANG_ENABLE_MODULES = YES;
				CLANG_ENABLE_OBJC_ARC = YES;
				CLANG_WARN_BOOL_CONVERSION = YES;
				CLANG_WARN_CONSTANT_CONVERSION = YES;
				CLANG_WARN_DIRECT_OBJC_ISA_USAGE = YES_ERROR;
				CLANG_WARN_EMPTY_BODY = YES;
				CLANG_WARN_ENUM_CONVERSION = YES;
				CLANG_WARN_INT_CONVERSION = YES;
				CLANG_WARN_OBJC_ROOT_CLASS = YES_ERROR;
				CLANG_WARN_UNREACHABLE_CODE = YES;
				CLANG_WARN__DUPLICATE_METHOD_MATCH = YES;
				"CODE_SIGN_IDENTITY[sdk=iphoneos*]" = "iPhone Developer";
				COPY_PHASE_STRIP = NO;
				DEBUG_INFORMATION_FORMAT = "dwarf-with-dsym";
				ENABLE_NS_ASSERTIONS = NO;
				ENABLE_STRICT_OBJC_MSGSEND = YES;
				GCC_C_LANGUAGE_STANDARD = gnu99;
				GCC_NO_COMMON_BLOCKS = YES;
				GCC_WARN_64_TO_32_BIT_CONVERSION = YES;
				GCC_WARN_ABOUT_RETURN_TYPE = YES_ERROR;
				GCC_WARN_UNDECLARED_SELECTOR = YES;
				GCC_WARN_UNINITIALIZED_AUTOS = YES_AGGRESSIVE;
				GCC_WARN_UNUSED_FUNCTION = YES;
				GCC_WARN_UNUSED_VARIABLE = YES;
				IPHONEOS_DEPLOYMENT_TARGET = 9.0;
				MTL_ENABLE_DEBUG_INFO = NO;
				SDKROOT = iphoneos;
				TARGETED_DEVICE_FAMILY = "1,2";
				VALIDATE_PRODUCT = YES;
			};
			name = Release;
		};
		1A07A39E1BACF130000DCCD5 /* Debug */ = {
			isa = XCBuildConfiguration;
			buildSettings = {
				ASSETCATALOG_COMPILER_APPICON_NAME = AppIcon;
				ASSETCATALOG_COMPILER_LAUNCHIMAGE_NAME = LaunchImage;
				CLANG_ALLOW_NON_MODULAR_INCLUDES_IN_FRAMEWORK_MODULES = NO;
				FRAMEWORK_SEARCH_PATHS = (
					"$(inherited)",
					"$(PROJECT_DIR)/Carthage/Build/iOS",
					"$(PROJECT_DIR)/Carthage/Checkouts/YYImage/Vendor",
				);
				INFOPLIST_FILE = "imoji-categories/Info.plist";
				IPHONEOS_DEPLOYMENT_TARGET = 8.0;
				LD_RUNPATH_SEARCH_PATHS = "$(inherited) @executable_path/Frameworks";
				PRODUCT_BUNDLE_IDENTIFIER = "com.sopressata.imoji-categories";
				PRODUCT_NAME = "$(TARGET_NAME)";
			};
			name = Debug;
		};
		1A07A39F1BACF130000DCCD5 /* Release */ = {
			isa = XCBuildConfiguration;
			buildSettings = {
				ASSETCATALOG_COMPILER_APPICON_NAME = AppIcon;
				ASSETCATALOG_COMPILER_LAUNCHIMAGE_NAME = LaunchImage;
				CLANG_ALLOW_NON_MODULAR_INCLUDES_IN_FRAMEWORK_MODULES = NO;
				FRAMEWORK_SEARCH_PATHS = (
					"$(inherited)",
					"$(PROJECT_DIR)/Carthage/Build/iOS",
					"$(PROJECT_DIR)/Carthage/Checkouts/YYImage/Vendor",
				);
				INFOPLIST_FILE = "imoji-categories/Info.plist";
				IPHONEOS_DEPLOYMENT_TARGET = 8.0;
				LD_RUNPATH_SEARCH_PATHS = "$(inherited) @executable_path/Frameworks";
				PRODUCT_BUNDLE_IDENTIFIER = "com.sopressata.imoji-categories";
				PRODUCT_NAME = "$(TARGET_NAME)";
			};
			name = Release;
		};
/* End XCBuildConfiguration section */

/* Begin XCConfigurationList section */
		1A07A3811BACF12F000DCCD5 /* Build configuration list for PBXProject "imoji-categories" */ = {
			isa = XCConfigurationList;
			buildConfigurations = (
				1A07A39B1BACF130000DCCD5 /* Debug */,
				1A07A39C1BACF130000DCCD5 /* Release */,
			);
			defaultConfigurationIsVisible = 0;
			defaultConfigurationName = Release;
		};
		1A07A39D1BACF130000DCCD5 /* Build configuration list for PBXNativeTarget "imoji-categories" */ = {
			isa = XCConfigurationList;
			buildConfigurations = (
				1A07A39E1BACF130000DCCD5 /* Debug */,
				1A07A39F1BACF130000DCCD5 /* Release */,
			);
			defaultConfigurationIsVisible = 0;
			defaultConfigurationName = Release;
		};
/* End XCConfigurationList section */
	};
	rootObject = 1A07A37E1BACF12F000DCCD5 /* Project object */;
}
